
Microsoft Visual Studio Solution File, Format Version 12.00
# Visual Studio 14
VisualStudioVersion = 14.0.23107.0
MinimumVisualStudioVersion = 10.0.40219.1
Project("{FAE04EC0-301F-11D3-BF4B-00C04F79EFBC}") = "CodeAcademyTaskManagementWebApp", "CodeAcademyTaskManagementWebApp\CodeAcademyTaskManagementWebApp.csproj", "{C94BDCC1-9B94-4DDC-A454-956CEAA65144}"
EndProject
Project("{FAE04EC0-301F-11D3-BF4B-00C04F79EFBC}") = "CodeAcademy.TaskManagementDomainEntities", "CodeAcademy.TaskManagementDomainEntities\CodeAcademy.TaskManagementDomainEntities.csproj", "{5FEBC744-230E-4542-8615-1364882CDD21}"
EndProject
Project("{FAE04EC0-301F-11D3-BF4B-00C04F79EFBC}") = "CodeAcademyTaskManagementRepositoryEF", "CodeAcademyTaskManagementRepositoryEF\CodeAcademyTaskManagementRepositoryEF.csproj", "{794D6060-3764-42FB-85E1-1A6D298954D3}"
EndProject
Global
	GlobalSection(SolutionConfigurationPlatforms) = preSolution
		Debug|Any CPU = Debug|Any CPU
		Release|Any CPU = Release|Any CPU
	EndGlobalSection
	GlobalSection(ProjectConfigurationPlatforms) = postSolution
		{C94BDCC1-9B94-4DDC-A454-956CEAA65144}.Debug|Any CPU.ActiveCfg = Debug|Any CPU
		{C94BDCC1-9B94-4DDC-A454-956CEAA65144}.Debug|Any CPU.Build.0 = Debug|Any CPU
		{C94BDCC1-9B94-4DDC-A454-956CEAA65144}.Release|Any CPU.ActiveCfg = Release|Any CPU
		{C94BDCC1-9B94-4DDC-A454-956CEAA65144}.Release|Any CPU.Build.0 = Release|Any CPU
		{5FEBC744-230E-4542-8615-1364882CDD21}.Debug|Any CPU.ActiveCfg = Debug|Any CPU
		{5FEBC744-230E-4542-8615-1364882CDD21}.Debug|Any CPU.Build.0 = Debug|Any CPU
		{5FEBC744-230E-4542-8615-1364882CDD21}.Release|Any CPU.ActiveCfg = Release|Any CPU
		{5FEBC744-230E-4542-8615-1364882CDD21}.Release|Any CPU.Build.0 = Release|Any CPU
		{794D6060-3764-42FB-85E1-1A6D298954D3}.Debug|Any CPU.ActiveCfg = Debug|Any CPU
		{794D6060-3764-42FB-85E1-1A6D298954D3}.Debug|Any CPU.Build.0 = Debug|Any CPU
		{794D6060-3764-42FB-85E1-1A6D298954D3}.Release|Any CPU.ActiveCfg = Release|Any CPU
		{794D6060-3764-42FB-85E1-1A6D298954D3}.Release|Any CPU.Build.0 = Release|Any CPU
	EndGlobalSection
	GlobalSection(SolutionProperties) = preSolution
		HideSolutionNode = FALSE
	EndGlobalSection
EndGlobal
